# THIS IS AN AUTOGENERATED FILE. DO NOT EDIT THIS FILE DIRECTLY.
# yarn lockfile v1


"@pancakeswap/pancake-swap-lib@^0.0.4":
  version "0.0.4"
  resolved "https://registry.npmjs.org/@pancakeswap/pancake-swap-lib/-/pancake-swap-lib-0.0.4.tgz#b00f78c3aa249e02146e366322f2d65154a893ef"
  integrity sha512-efauTqrPQX0P2X159Z5YnAVNmD8jvFxei9iIbDU850MG7KuupfqNTfDoN2/dCMo2GomSFokG2MjW0GenZc4EFg==
